
Microsoft Visual Studio Solution File, Format Version 12.00
# Visual Studio 15
VisualStudioVersion = 15.0.27130.2036
MinimumVisualStudioVersion = 10.0.40219.1
Project("{FAE04EC0-301F-11D3-BF4B-00C04F79EFBC}") = "StreamExample", "StreamExample\StreamExample.csproj", "{A14A3366-70FF-4051-ADFE-5BDF6C6BF533}"
EndProject
Global
	GlobalSection(SolutionConfigurationPlatforms) = preSolution
		Debug|Any CPU = Debug|Any CPU
		Release|Any CPU = Release|Any CPU
	EndGlobalSection
	GlobalSection(ProjectConfigurationPlatforms) = postSolution
		{A14A3366-70FF-4051-ADFE-5BDF6C6BF533}.Debug|Any CPU.ActiveCfg = Debug|Any CPU
		{A14A3366-70FF-4051-ADFE-5BDF6C6BF533}.Debug|Any CPU.Build.0 = Debug|Any CPU
		{A14A3366-70FF-4051-ADFE-5BDF6C6BF533}.Release|Any CPU.ActiveCfg = Release|Any CPU
		{A14A3366-70FF-4051-ADFE-5BDF6C6BF533}.Release|Any CPU.Build.0 = Release|Any CPU
	EndGlobalSection
	GlobalSection(SolutionProperties) = preSolution
		HideSolutionNode = FALSE
	EndGlobalSection
	GlobalSection(ExtensibilityGlobals) = postSolution
		SolutionGuid = {F36B0B52-09C5-4F2F-8681-557C9BA80409}
	EndGlobalSection
EndGlobal
